// !$*UTF8*$!
{
	archiveVersion = 1;
	classes = {
	};
	objectVersion = 55;
	objects = {

/* Begin PBXBuildFile section */
		A28E52C62C2E4E6A00412B4D /* CalorieSnapApp.swift in Sources */ = {isa = PBXBuildFile; fileRef = A28E52C52C2E4E6A00412B4D /* CalorieSnapApp.swift */; };
		A28E52C82C2E4E6B00412B4D /* ContentView.swift in Sources */ = {isa = PBXBuildFile; fileRef = A28E52C72C2E4E6B00412B4D /* ContentView.swift */; };
		A28E52D32C2E4E6D00412B4D /* ImagePicker.swift in Sources */ = {isa = PBXBuildFile; fileRef = A28E52D42C2E4E6D00412B4D /* ImagePicker.swift */; };
		A28E52D72C2E4E6D00412B4D /* FoodClassifier.swift in Sources */ = {isa = PBXBuildFile; fileRef = A28E52D82C2E4E6D00412B4D /* FoodClassifier.swift */; };
		A28E52DD2C2E4E6D00412B4D /* CalorieService.swift in Sources */ = {isa = PBXBuildFile; fileRef = A28E52DE2C2E4E6D00412B4D /* CalorieService.swift */; };
		A28E52DF2C2E4E6D00412B4D /* LogEntry.swift in Sources */ = {isa = PBXBuildFile; fileRef = A28E52E02C2E4E6D00412B4D /* LogEntry.swift */; };
		A28E52E12C2E4E6D00412B4D /* CalorieLogView.swift in Sources */ = {isa = PBXBuildFile; fileRef = A28E52E22C2E4E6D00412B4D /* CalorieLogView.swift */; };
		AA1F42C92E0882F400A17CBA /* SeeFood.mlmodel in Sources */ = {isa = PBXBuildFile; fileRef = AA1F42C82E0882F300A17CBA /* SeeFood.mlmodel */; };
		AA1F42CB2E0888FB00A17CBA /* calories.csv in Resources */ = {isa = PBXBuildFile; fileRef = AA1F42CA2E0888FB00A17CBA /* calories.csv */; };
/* End PBXBuildFile section */

/* Begin PBXFileReference section */
		A28E52C22C2E4E6900412B4D /* CalorieSnap.app */ = {isa = PBXFileReference; explicitFileType = wrapper.application; includeInIndex = 0; path = CalorieSnap.app; sourceTree = BUILT_PRODUCTS_DIR; };
		A28E52C52C2E4E6A00412B4D /* CalorieSnapApp.swift */ = {isa = PBXFileReference; lastKnownFileType = sourcecode.swift; path = CalorieSnapApp.swift; sourceTree = "<group>"; };
		A28E52C72C2E4E6B00412B4D /* ContentView.swift */ = {isa = PBXFileReference; lastKnownFileType = sourcecode.swift; path = ContentView.swift; sourceTree = "<group>"; };
		A28E52CA2C2E4E6B00412B4D /* Info.plist */ = {isa = PBXFileReference; lastKnownFileType = text.plist.xml; path = Info.plist; sourceTree = "<group>"; };
		A28E52D42C2E4E6D00412B4D /* ImagePicker.swift */ = {isa = PBXFileReference; lastKnownFileType = sourcecode.swift; path = ImagePicker.swift; sourceTree = "<group>"; };
		A28E52D82C2E4E6D00412B4D /* FoodClassifier.swift */ = {isa = PBXFileReference; lastKnownFileType = sourcecode.swift; path = FoodClassifier.swift; sourceTree = "<group>"; };
		A28E52DE2C2E4E6D00412B4D /* CalorieService.swift */ = {isa = PBXFileReference; lastKnownFileType = sourcecode.swift; path = CalorieService.swift; sourceTree = "<group>"; };
		A28E52E02C2E4E6D00412B4D /* LogEntry.swift */ = {isa = PBXFileReference; lastKnownFileType = sourcecode.swift; path = LogEntry.swift; sourceTree = "<group>"; };
		A28E52E22C2E4E6D00412B4D /* CalorieLogView.swift */ = {isa = PBXFileReference; lastKnownFileType = sourcecode.swift; path = CalorieLogView.swift; sourceTree = "<group>"; };
		AA1F42C82E0882F300A17CBA /* SeeFood.mlmodel */ = {isa = PBXFileReference; lastKnownFileType = file.mlmodel; path = SeeFood.mlmodel; sourceTree = "<group>"; };
		AA1F42CA2E0888FB00A17CBA /* calories.csv */ = {isa = PBXFileReference; lastKnownFileType = text; path = calories.csv; sourceTree = "<group>"; };
/* End PBXFileReference section */

/* Begin PBXGroup section */
		A28E52BD2C2E4E6900412B4D = {
			isa = PBXGroup;
			children = (
				A28E52C42C2E4E6A00412B4D /* CalorieSnap */,
				A28E52C32C2E4E6900412B4D /* Products */,
			);
			sourceTree = "<group>";
		};
		A28E52C32C2E4E6900412B4D /* Products */ = {
			isa = PBXGroup;
			children = (
				A28E52C22C2E4E6900412B4D /* CalorieSnap.app */,
			);
			name = Products;
			sourceTree = "<group>";
		};
		A28E52C42C2E4E6A00412B4D /* CalorieSnap */ = {
			isa = PBXGroup;
			children = (
				A28E52C52C2E4E6A00412B4D /* CalorieSnapApp.swift */,
				A28E52C72C2E4E6B00412B4D /* ContentView.swift */,
				A28E52D42C2E4E6D00412B4D /* ImagePicker.swift */,
				A28E52D82C2E4E6D00412B4D /* FoodClassifier.swift */,
				A28E52DE2C2E4E6D00412B4D /* CalorieService.swift */,
				A28E52E02C2E4E6D00412B4D /* LogEntry.swift */,
				A28E52E22C2E4E6D00412B4D /* CalorieLogView.swift */,
				A28E52CA2C2E4E6B00412B4D /* Info.plist */,
				AA1F42C82E0882F300A17CBA /* SeeFood.mlmodel */,
				AA1F42CA2E0888FB00A17CBA /* calories.csv */,
			);
			path = CalorieSnap;
			sourceTree = "<group>";
		};
/* End PBXGroup section */

/* Begin PBXNativeTarget section */
		A28E52C12C2E4E6900412B4D /* CalorieSnap */ = {
			isa = PBXNativeTarget;
			buildConfigurationList = A28E52D02C2E4E6C00412B4D /* Build configuration list for PBXNativeTarget "CalorieSnap" */;
			buildPhases = (
				A28E52BE2C2E4E6900412B4D /* Sources */,
				A28E52C02C2E4E6900412B4D /* Resources */,
			);
			buildRules = (
			);
			dependencies = (
			);
			name = CalorieSnap;
			productName = CalorieSnap;
			productReference = A28E52C22C2E4E6900412B4D /* CalorieSnap.app */;
			productType = "com.apple.product-type.application";
		};
/* End PBXNativeTarget section */

/* Begin PBXProject section */
		A28E52BC2C2E4E6900412B4D /* Project object */ = {
			isa = PBXProject;
			attributes = {
				LastUpgradeCheck = 1340;
				TargetAttributes = {
					A28E52C12C2E4E6900412B4D = {
						CreatedOnToolsVersion = 13.4.1;
					};
				};
			};
			buildConfigurationList = A28E52BF2C2E4E6C00412B4D /* Build configuration list for PBXProject "CalorieSnap" */;
			compatibilityVersion = "Xcode 13.0";
			developmentRegion = en;
			hasScannedForEncodings = 0;
			knownRegions = (
				en,
				Base,
			);
			mainGroup = A28E52BD2C2E4E6900412B4D;
			productRefGroup = A28E52C32C2E4E6900412B4D /* Products */;
			projectDirPath = "";
			projectRoot = "";
			targets = (
				A28E52C12C2E4E6900412B4D /* CalorieSnap */,
			);
		};
/* End PBXProject section */

/* Begin PBXResourcesBuildPhase section */
		A28E52C02C2E4E6900412B4D /* Resources */ = {
			isa = PBXResourcesBuildPhase;
			buildActionMask = 2147483647;
			files = (
				AA1F42CB2E0888FB00A17CBA /* calories.csv in Resources */,
			);
			runOnlyForDeploymentPostprocessing = 0;
		};
/* End PBXResourcesBuildPhase section */

/* Begin PBXSourcesBuildPhase section */
		A28E52BE2C2E4E6900412B4D /* Sources */ = {
			isa = PBXSourcesBuildPhase;
			buildActionMask = 2147483647;
			files = (
				AA1F42C92E0882F400A17CBA /* SeeFood.mlmodel in Sources */,
				A28E52C82C2E4E6B00412B4D /* ContentView.swift in Sources */,
				A28E52C62C2E4E6A00412B4D /* CalorieSnapApp.swift in Sources */,
				A28E52D32C2E4E6D00412B4D /* ImagePicker.swift in Sources */,
				A28E52D72C2E4E6D00412B4D /* FoodClassifier.swift in Sources */,
				A28E52DD2C2E4E6D00412B4D /* CalorieService.swift in Sources */,
				A28E52DF2C2E4E6D00412B4D /* LogEntry.swift in Sources */,
				A28E52E12C2E4E6D00412B4D /* CalorieLogView.swift in Sources */,
			);
			runOnlyForDeploymentPostprocessing = 0;
		};
/* End PBXSourcesBuildPhase section */

/* Begin XCBuildConfiguration section */
		A28E52CD2C2E4E6C00412B4D /* Debug */ = {
			isa = XCBuildConfiguration;
			buildSettings = {
				ASSETCATALOG_COMPILER_APPICON_NAME = AppIcon;
				ASSETCATALOG_COMPILER_GLOBAL_ACCENT_COLOR_NAME = AccentColor;
				CODE_SIGNING_ALLOWED = NO;
				CODE_SIGNING_REQUIRED = NO;
				CODE_SIGN_IDENTITY = "";
				DEVELOPMENT_TEAM = "";
				INFOPLIST_FILE = CalorieSnap/Info.plist;
				IPHONEOS_DEPLOYMENT_TARGET = 17.6;
				PRODUCT_BUNDLE_IDENTIFIER = com.example.CalorieSnap;
				PRODUCT_NAME = "$(TARGET_NAME)";
				SWIFT_VERSION = 5.0;
				TARGETED_DEVICE_FAMILY = "1,2";
			};
			name = Debug;
		};
		A28E52CE2C2E4E6C00412B4D /* Release */ = {
			isa = XCBuildConfiguration;
			buildSettings = {
				ASSETCATALOG_COMPILER_APPICON_NAME = AppIcon;
				ASSETCATALOG_COMPILER_GLOBAL_ACCENT_COLOR_NAME = AccentColor;
				CODE_SIGNING_ALLOWED = NO;
				CODE_SIGNING_REQUIRED = NO;
				CODE_SIGN_IDENTITY = "";
				DEVELOPMENT_TEAM = "";
				INFOPLIST_FILE = CalorieSnap/Info.plist;
				IPHONEOS_DEPLOYMENT_TARGET = 17.6;
				PRODUCT_BUNDLE_IDENTIFIER = com.example.CalorieSnap;
				PRODUCT_NAME = "$(TARGET_NAME)";
				SWIFT_VERSION = 5.0;
				TARGETED_DEVICE_FAMILY = "1,2";
			};
			name = Release;
		};
		A28E52D12C2E4E6C00412B4D /* Debug */ = {
			isa = XCBuildConfiguration;
			buildSettings = {
				ALWAYS_SEARCH_USER_PATHS = NO;
				CLANG_ANALYZER_NONNULL = YES;
				CLANG_ANALYZER_NUMBER_OBJECT_CONVERSION = YES_AGGRESSIVE;
				CLANG_CXX_LANGUAGE_STANDARD = "gnu++14";
				CLANG_CXX_LIBRARY = "libc++";
				CLANG_ENABLE_MODULES = YES;
				CLANG_ENABLE_OBJC_ARC = YES;
				CLANG_ENABLE_OBJC_WEAK = YES;
				CLANG_WARN_BLOCK_CAPTURE_AUTORELEASING = YES;
				CLANG_WARN_BOOL_CONVERSION = YES;
				CLANG_WARN_COMMA = YES;
				CLANG_WARN_CONSTANT_CONVERSION = YES;
				CLANG_WARN_DEPRECATED_OBJC_IMPLEMENTATIONS = YES;
				CLANG_WARN_DIRECT_OBJC_ISA_USAGE = YES_ERROR;
				CLANG_WARN_DOCUMENTATION_COMMENTS = YES;
				CLANG_WARN_EMPTY_BODY = YES;
				CLANG_WARN_ENUM_CONVERSION = YES;
				CLANG_WARN_INFINITE_RECURSION = YES;
				CLANG_WARN_INT_CONVERSION = YES;
				CLANG_WARN_NON_LITERAL_NULL_CONVERSION = YES;
				CLANG_WARN_OBJC_IMPLICIT_RETAIN_SELF = YES;
				CLANG_WARN_OBJC_LITERAL_CONVERSION = YES;
				CLANG_WARN_OBJC_ROOT_CLASS = YES_ERROR;
				CLANG_WARN_QUOTED_INCLUDE_IN_FRAMEWORK_HEADER = YES;
				CLANG_WARN_RANGE_LOOP_ANALYSIS = YES;
				CLANG_WARN_STRICT_PROTOTYPES = YES;
				CLANG_WARN_SUSPICIOUS_MOVE = YES;
				CLANG_WARN_UNGUARDED_AVAILABILITY = YES_AGGRESSIVE;
				CLANG_WARN_UNREACHABLE_CODE = YES;
				CLANG_WARN__DUPLICATE_METHOD_MATCH = YES;
				COPY_PHASE_STRIP = NO;
				DEBUG_INFORMATION_FORMAT = dwarf;
				ENABLE_STRICT_OBJC_MSGSEND = YES;
				ENABLE_TESTABILITY = YES;
				GCC_C_LANGUAGE_STANDARD = gnu11;
				GCC_DYNAMIC_NO_PIC = NO;
				GCC_NO_COMMON_BLOCKS = YES;
				GCC_OPTIMIZATION_LEVEL = 0;
				GCC_PREPROCESSOR_DEFINITIONS = (
					"DEBUG=1",
					"$(inherited)",
				);
				GCC_WARN_64_TO_32_BIT_CONVERSION = YES;
				GCC_WARN_ABOUT_RETURN_TYPE = YES_ERROR;
				GCC_WARN_UNDECLARED_SELECTOR = YES;
				GCC_WARN_UNINITIALIZED_AUTOS = YES_AGGRESSIVE;
				GCC_WARN_UNUSED_FUNCTION = YES;
				GCC_WARN_UNUSED_VARIABLE = YES;
				MTL_ENABLE_DEBUG_INFO = INCLUDE_SOURCE;
				MTL_FAST_MATH = YES;
				ONLY_ACTIVE_ARCH = YES;
				SDKROOT = iphoneos;
			};
			name = Debug;
		};
		A28E52D22C2E4E6C00412B4D /* Release */ = {
			isa = XCBuildConfiguration;
			buildSettings = {
				ALWAYS_SEARCH_USER_PATHS = NO;
				CLANG_ANALYZER_NONNULL = YES;
				CLANG_ANALYZER_NUMBER_OBJECT_CONVERSION = YES_AGGRESSIVE;
				CLANG_CXX_LANGUAGE_STANDARD = "gnu++14";
				CLANG_CXX_LIBRARY = "libc++";
				CLANG_ENABLE_MODULES = YES;
				CLANG_ENABLE_OBJC_ARC = YES;
				CLANG_ENABLE_OBJC_WEAK = YES;
				CLANG_WARN_BLOCK_CAPTURE_AUTORELEASING = YES;
				CLANG_WARN_BOOL_CONVERSION = YES;
				CLANG_WARN_COMMA = YES;
				CLANG_WARN_CONSTANT_CONVERSION = YES;
				CLANG_WARN_DEPRECATED_OBJC_IMPLEMENTATIONS = YES;
				CLANG_WARN_DIRECT_OBJC_ISA_USAGE = YES_ERROR;
				CLANG_WARN_DOCUMENTATION_COMMENTS = YES;
				CLANG_WARN_EMPTY_BODY = YES;
				CLANG_WARN_ENUM_CONVERSION = YES;
				CLANG_WARN_INFINITE_RECURSION = YES;
				CLANG_WARN_INT_CONVERSION = YES;
				CLANG_WARN_NON_LITERAL_NULL_CONVERSION = YES;
				CLANG_WARN_OBJC_IMPLICIT_RETAIN_SELF = YES;
				CLANG_WARN_OBJC_LITERAL_CONVERSION = YES;
				CLANG_WARN_OBJC_ROOT_CLASS = YES_ERROR;
				CLANG_WARN_QUOTED_INCLUDE_IN_FRAMEWORK_HEADER = YES;
				CLANG_WARN_RANGE_LOOP_ANALYSIS = YES;
				CLANG_WARN_STRICT_PROTOTYPES = YES;
				CLANG_WARN_SUSPICIOUS_MOVE = YES;
				CLANG_WARN_UNGUARDED_AVAILABILITY = YES_AGGRESSIVE;
				CLANG_WARN_UNREACHABLE_CODE = YES;
				CLANG_WARN__DUPLICATE_METHOD_MATCH = YES;
				COPY_PHASE_STRIP = YES;
				DEBUG_INFORMATION_FORMAT = "dwarf-with-dsym";
				ENABLE_NS_ASSERTIONS = NO;
				ENABLE_STRICT_OBJC_MSGSEND = YES;
				GCC_C_LANGUAGE_STANDARD = gnu11;
				GCC_NO_COMMON_BLOCKS = YES;
				GCC_WARN_64_TO_32_BIT_CONVERSION = YES;
				GCC_WARN_ABOUT_RETURN_TYPE = YES_ERROR;
				GCC_WARN_UNDECLARED_SELECTOR = YES;
				GCC_WARN_UNINITIALIZED_AUTOS = YES_AGGRESSIVE;
				GCC_WARN_UNUSED_FUNCTION = YES;
				GCC_WARN_UNUSED_VARIABLE = YES;
				MTL_ENABLE_DEBUG_INFO = NO;
				MTL_FAST_MATH = YES;
				SDKROOT = iphoneos;
				VALIDATE_PRODUCT = YES;
			};
			name = Release;
		};
/* End XCBuildConfiguration section */

/* Begin XCConfigurationList section */
		A28E52BF2C2E4E6C00412B4D /* Build configuration list for PBXProject "CalorieSnap" */ = {
			isa = XCConfigurationList;
			buildConfigurations = (
				A28E52D12C2E4E6C00412B4D /* Debug */,
				A28E52D22C2E4E6C00412B4D /* Release */,
			);
			defaultConfigurationIsVisible = 0;
			defaultConfigurationName = Release;
		};
		A28E52D02C2E4E6C00412B4D /* Build configuration list for PBXNativeTarget "CalorieSnap" */ = {
			isa = XCConfigurationList;
			buildConfigurations = (
				A28E52CD2C2E4E6C00412B4D /* Debug */,
				A28E52CE2C2E4E6C00412B4D /* Release */,
			);
			defaultConfigurationIsVisible = 0;
			defaultConfigurationName = Release;
		};
/* End XCConfigurationList section */
	};
	rootObject = A28E52BC2C2E4E6900412B4D /* Project object */;
}
